{
  "object": {
    "pins": [
      {
        "package": "NetworkLayer",
        "repositoryURL": "https://github.com/talspektor/NetworkLayer.git",
        "state": {
          "branch": null,
          "revision": "ce37e5a67a97aa8e571bd03b6ec8d439def7034b",
          "version": "1.0.2"
        }
      }
    ]
  },
  "version": 1
}
