{
  "object": {
    "pins": [
      {
        "package": "NetworkLayer",
        "repositoryURL": "https://github.com/talspektor/NetworkLayer.git",
        "state": {
          "branch": null,
          "revision": "b0018d275ba27d16f5dc5098a3c13d04d2022d58",
          "version": "1.0.1"
        }
      }
    ]
  },
  "version": 1
}
